
Microsoft Visual Studio Solution File, Format Version 12.00
# Visual Studio Version 17
VisualStudioVersion = 17.10.35004.147
MinimumVisualStudioVersion = 10.0.40219.1
Project("{9A19103F-16F7-4668-BE54-9A1E7A4F7556}") = "Api_Seguridad", "Api_Seguridad.csproj", "{28910902-5390-49FF-B6A5-E0410B329818}"
EndProject
Project("{9A19103F-16F7-4668-BE54-9A1E7A4F7556}") = "Api_Seguridad.Tests", "..\Api_Seguridad.Tests\Api_Seguridad.Tests.csproj", "{0887D1A4-65FB-4A8A-AF38-F5B6F304B583}"
EndProject
Global
	GlobalSection(SolutionConfigurationPlatforms) = preSolution
		Debug|Any CPU = Debug|Any CPU
		Release|Any CPU = Release|Any CPU
	EndGlobalSection
	GlobalSection(ProjectConfigurationPlatforms) = postSolution
		{28910902-5390-49FF-B6A5-E0410B329818}.Debug|Any CPU.ActiveCfg = Debug|Any CPU
		{28910902-5390-49FF-B6A5-E0410B329818}.Debug|Any CPU.Build.0 = Debug|Any CPU
		{28910902-5390-49FF-B6A5-E0410B329818}.Release|Any CPU.ActiveCfg = Release|Any CPU
		{28910902-5390-49FF-B6A5-E0410B329818}.Release|Any CPU.Build.0 = Release|Any CPU
		{0887D1A4-65FB-4A8A-AF38-F5B6F304B583}.Debug|Any CPU.ActiveCfg = Debug|Any CPU
		{0887D1A4-65FB-4A8A-AF38-F5B6F304B583}.Debug|Any CPU.Build.0 = Debug|Any CPU
		{0887D1A4-65FB-4A8A-AF38-F5B6F304B583}.Release|Any CPU.ActiveCfg = Release|Any CPU
		{0887D1A4-65FB-4A8A-AF38-F5B6F304B583}.Release|Any CPU.Build.0 = Release|Any CPU
	EndGlobalSection
	GlobalSection(SolutionProperties) = preSolution
		HideSolutionNode = FALSE
	EndGlobalSection
	GlobalSection(ExtensibilityGlobals) = postSolution
		SolutionGuid = {CE7EE467-4398-4733-9224-D503CF6AAEF4}
	EndGlobalSection
EndGlobal
